
Microsoft Visual Studio Solution File, Format Version 12.00
Project("{FAE04EC0-301F-11D3-BF4B-00C04F79EFBC}") = "BookManager.App", "BookManager.App\BookManager.App.csproj", "{8A67D050-4F72-4AED-9012-99DE1CC65EBE}"
EndProject
Project("{2150E333-8FDC-42A3-9474-1A3956D46DE8}") = "API", "API", "{1E8B10B2-400A-484B-8889-D39ABEB3C920}"
EndProject
Project("{2150E333-8FDC-42A3-9474-1A3956D46DE8}") = "Core", "Core", "{ABDAF637-338B-4DAA-8F24-BF047B8FACDD}"
EndProject
Project("{2150E333-8FDC-42A3-9474-1A3956D46DE8}") = "Tests", "Tests", "{996854CD-3485-48D3-BDF9-0EFE3DB5DD65}"
EndProject
Project("{FAE04EC0-301F-11D3-BF4B-00C04F79EFBC}") = "BookManagerAPI.Tests", "BookManagerAPI.Tests\BookManagerAPI.Tests.csproj", "{29571273-DAA6-4BA6-8267-B4776AEAA8DC}"
EndProject
Project("{2150E333-8FDC-42A3-9474-1A3956D46DE8}") = "Application", "Application", "{2C2DD31F-3EE8-4055-B4F0-046CA952519B}"
EndProject
Project("{2150E333-8FDC-42A3-9474-1A3956D46DE8}") = "Domain", "Domain", "{C36A6F61-999E-4C26-BE1E-360B1D4A0B61}"
EndProject
Project("{2150E333-8FDC-42A3-9474-1A3956D46DE8}") = "Infrastructure", "Infrastructure", "{1EF8CAF9-B6BA-4B8D-A748-9D1C080F8376}"
EndProject
Project("{FAE04EC0-301F-11D3-BF4B-00C04F79EFBC}") = "BookManagerAPI.UnitTests", "BookManagerAPI.UnitTests\BookManagerAPI.UnitTests.csproj", "{ADD57B1D-465F-41E4-96CD-A07EAECDE778}"
EndProject
Global
	GlobalSection(SolutionConfigurationPlatforms) = preSolution
		Debug|Any CPU = Debug|Any CPU
		Release|Any CPU = Release|Any CPU
	EndGlobalSection
	GlobalSection(ProjectConfigurationPlatforms) = postSolution
		{8A67D050-4F72-4AED-9012-99DE1CC65EBE}.Debug|Any CPU.ActiveCfg = Debug|Any CPU
		{8A67D050-4F72-4AED-9012-99DE1CC65EBE}.Debug|Any CPU.Build.0 = Debug|Any CPU
		{8A67D050-4F72-4AED-9012-99DE1CC65EBE}.Release|Any CPU.ActiveCfg = Release|Any CPU
		{8A67D050-4F72-4AED-9012-99DE1CC65EBE}.Release|Any CPU.Build.0 = Release|Any CPU
		{29571273-DAA6-4BA6-8267-B4776AEAA8DC}.Debug|Any CPU.ActiveCfg = Debug|Any CPU
		{29571273-DAA6-4BA6-8267-B4776AEAA8DC}.Debug|Any CPU.Build.0 = Debug|Any CPU
		{29571273-DAA6-4BA6-8267-B4776AEAA8DC}.Release|Any CPU.ActiveCfg = Release|Any CPU
		{29571273-DAA6-4BA6-8267-B4776AEAA8DC}.Release|Any CPU.Build.0 = Release|Any CPU
		{ADD57B1D-465F-41E4-96CD-A07EAECDE778}.Debug|Any CPU.ActiveCfg = Debug|Any CPU
		{ADD57B1D-465F-41E4-96CD-A07EAECDE778}.Debug|Any CPU.Build.0 = Debug|Any CPU
		{ADD57B1D-465F-41E4-96CD-A07EAECDE778}.Release|Any CPU.ActiveCfg = Release|Any CPU
		{ADD57B1D-465F-41E4-96CD-A07EAECDE778}.Release|Any CPU.Build.0 = Release|Any CPU
	EndGlobalSection
	GlobalSection(NestedProjects) = preSolution
		{29571273-DAA6-4BA6-8267-B4776AEAA8DC} = {996854CD-3485-48D3-BDF9-0EFE3DB5DD65}
		{2C2DD31F-3EE8-4055-B4F0-046CA952519B} = {ABDAF637-338B-4DAA-8F24-BF047B8FACDD}
		{C36A6F61-999E-4C26-BE1E-360B1D4A0B61} = {ABDAF637-338B-4DAA-8F24-BF047B8FACDD}
		{1EF8CAF9-B6BA-4B8D-A748-9D1C080F8376} = {ABDAF637-338B-4DAA-8F24-BF047B8FACDD}
		{8A67D050-4F72-4AED-9012-99DE1CC65EBE} = {1E8B10B2-400A-484B-8889-D39ABEB3C920}
		{ADD57B1D-465F-41E4-96CD-A07EAECDE778} = {996854CD-3485-48D3-BDF9-0EFE3DB5DD65}
	EndGlobalSection
EndGlobal
